
Microsoft Visual Studio Solution File, Format Version 12.00
# Visual Studio Version 16
VisualStudioVersion = 16.0.30128.74
MinimumVisualStudioVersion = 10.0.40219.1
Project("{FAE04EC0-301F-11D3-BF4B-00C04F79EFBC}") = "GörevYöneticisiMulakatTemel", "GörevYöneticisiMulakatTemel\GörevYöneticisiMulakatTemel.csproj", "{17F7479A-A30E-496F-A88B-4D6EEC485645}"
EndProject
Global
	GlobalSection(SolutionConfigurationPlatforms) = preSolution
		Debug|Any CPU = Debug|Any CPU
		Release|Any CPU = Release|Any CPU
	EndGlobalSection
	GlobalSection(ProjectConfigurationPlatforms) = postSolution
		{17F7479A-A30E-496F-A88B-4D6EEC485645}.Debug|Any CPU.ActiveCfg = Debug|Any CPU
		{17F7479A-A30E-496F-A88B-4D6EEC485645}.Debug|Any CPU.Build.0 = Debug|Any CPU
		{17F7479A-A30E-496F-A88B-4D6EEC485645}.Release|Any CPU.ActiveCfg = Release|Any CPU
		{17F7479A-A30E-496F-A88B-4D6EEC485645}.Release|Any CPU.Build.0 = Release|Any CPU
	EndGlobalSection
	GlobalSection(SolutionProperties) = preSolution
		HideSolutionNode = FALSE
	EndGlobalSection
	GlobalSection(ExtensibilityGlobals) = postSolution
		SolutionGuid = {19651F04-D825-4923-A158-D56A96E6D05A}
	EndGlobalSection
EndGlobal
